
Microsoft Visual Studio Solution File, Format Version 12.00
# Visual Studio Version 17
VisualStudioVersion = 17.12.35527.113 d17.12
MinimumVisualStudioVersion = 10.0.40219.1
Project("{FAE04EC0-301F-11D3-BF4B-00C04F79EFBC}") = "ThePuzzle15_lvl_24", "ThePuzzle15_lvl_24\ThePuzzle15_lvl_24.csproj", "{52B34410-53EE-4472-A899-7CD424ADA8E1}"
EndProject
Global
	GlobalSection(SolutionConfigurationPlatforms) = preSolution
		Debug|Any CPU = Debug|Any CPU
		Release|Any CPU = Release|Any CPU
	EndGlobalSection
	GlobalSection(ProjectConfigurationPlatforms) = postSolution
		{52B34410-53EE-4472-A899-7CD424ADA8E1}.Debug|Any CPU.ActiveCfg = Debug|Any CPU
		{52B34410-53EE-4472-A899-7CD424ADA8E1}.Debug|Any CPU.Build.0 = Debug|Any CPU
		{52B34410-53EE-4472-A899-7CD424ADA8E1}.Release|Any CPU.ActiveCfg = Release|Any CPU
		{52B34410-53EE-4472-A899-7CD424ADA8E1}.Release|Any CPU.Build.0 = Release|Any CPU
	EndGlobalSection
	GlobalSection(SolutionProperties) = preSolution
		HideSolutionNode = FALSE
	EndGlobalSection
EndGlobal
